
Microsoft Visual Studio Solution File, Format Version 12.00
# Visual Studio 15
VisualStudioVersion = 15.0.28307.271
MinimumVisualStudioVersion = 10.0.40219.1
Project("{8BC9CEB8-8B4A-11D0-8D11-00A0C91BC942}") = "Lab2", "Lab2\Lab2.vcxproj", "{F357201C-2137-41BA-AB2D-FC2118FC1FCD}"
EndProject
Global
	GlobalSection(SolutionConfigurationPlatforms) = preSolution
		Debug|x64 = Debug|x64
		Debug|x86 = Debug|x86
		Release|x64 = Release|x64
		Release|x86 = Release|x86
	EndGlobalSection
	GlobalSection(ProjectConfigurationPlatforms) = postSolution
		{F357201C-2137-41BA-AB2D-FC2118FC1FCD}.Debug|x64.ActiveCfg = Debug|x64
		{F357201C-2137-41BA-AB2D-FC2118FC1FCD}.Debug|x64.Build.0 = Debug|x64
		{F357201C-2137-41BA-AB2D-FC2118FC1FCD}.Debug|x86.ActiveCfg = Debug|Win32
		{F357201C-2137-41BA-AB2D-FC2118FC1FCD}.Debug|x86.Build.0 = Debug|Win32
		{F357201C-2137-41BA-AB2D-FC2118FC1FCD}.Release|x64.ActiveCfg = Release|x64
		{F357201C-2137-41BA-AB2D-FC2118FC1FCD}.Release|x64.Build.0 = Release|x64
		{F357201C-2137-41BA-AB2D-FC2118FC1FCD}.Release|x86.ActiveCfg = Release|Win32
		{F357201C-2137-41BA-AB2D-FC2118FC1FCD}.Release|x86.Build.0 = Release|Win32
	EndGlobalSection
	GlobalSection(SolutionProperties) = preSolution
		HideSolutionNode = FALSE
	EndGlobalSection
	GlobalSection(ExtensibilityGlobals) = postSolution
		SolutionGuid = {3B7CC45F-8B59-4EFA-BAAD-E8E247944707}
	EndGlobalSection
EndGlobal
